
Microsoft Visual Studio Solution File, Format Version 12.00
# Visual Studio Version 16
VisualStudioVersion = 16.0.30406.217
MinimumVisualStudioVersion = 10.0.40219.1
Project("{9A19103F-16F7-4668-BE54-9A1E7A4F7556}") = "PrintQueueMonitorRes", "PrintQueueMonitorRes\PrintQueueMonitorRes.csproj", "{B3FCAC6D-873D-4736-8A40-AF39E8601633}"
EndProject
Project("{9A19103F-16F7-4668-BE54-9A1E7A4F7556}") = "PrintSpoolerCrossPlatform", "PrintSpoolerCrossPlatform\PrintSpoolerCrossPlatform.csproj", "{F4CCDD4C-B6CD-4624-BC6C-790575B671E1}"
EndProject
Global
	GlobalSection(SolutionConfigurationPlatforms) = preSolution
		Debug|Any CPU = Debug|Any CPU
		Release|Any CPU = Release|Any CPU
	EndGlobalSection
	GlobalSection(ProjectConfigurationPlatforms) = postSolution
		{B3FCAC6D-873D-4736-8A40-AF39E8601633}.Debug|Any CPU.ActiveCfg = Debug|Any CPU
		{B3FCAC6D-873D-4736-8A40-AF39E8601633}.Debug|Any CPU.Build.0 = Debug|Any CPU
		{B3FCAC6D-873D-4736-8A40-AF39E8601633}.Release|Any CPU.ActiveCfg = Release|Any CPU
		{B3FCAC6D-873D-4736-8A40-AF39E8601633}.Release|Any CPU.Build.0 = Release|Any CPU
		{F4CCDD4C-B6CD-4624-BC6C-790575B671E1}.Debug|Any CPU.ActiveCfg = Debug|Any CPU
		{F4CCDD4C-B6CD-4624-BC6C-790575B671E1}.Debug|Any CPU.Build.0 = Debug|Any CPU
		{F4CCDD4C-B6CD-4624-BC6C-790575B671E1}.Release|Any CPU.ActiveCfg = Release|Any CPU
		{F4CCDD4C-B6CD-4624-BC6C-790575B671E1}.Release|Any CPU.Build.0 = Release|Any CPU
	EndGlobalSection
	GlobalSection(SolutionProperties) = preSolution
		HideSolutionNode = FALSE
	EndGlobalSection
	GlobalSection(ExtensibilityGlobals) = postSolution
		SolutionGuid = {4C70192E-34AC-4DF8-91F4-2FCC8F89038C}
	EndGlobalSection
EndGlobal
